
Microsoft Visual Studio Solution File, Format Version 12.00
# Visual Studio Version 17
VisualStudioVersion = 17.5.002.0
MinimumVisualStudioVersion = 10.0.40219.1
Project("{9A19103F-16F7-4668-BE54-9A1E7A4F7556}") = "Test", "Test.csproj", "{F1B6A998-7AC2-4FA3-995D-F0A400F7970D}"
EndProject
Global
	GlobalSection(SolutionConfigurationPlatforms) = preSolution
		Debug|Any CPU = Debug|Any CPU
		Release|Any CPU = Release|Any CPU
	EndGlobalSection
	GlobalSection(ProjectConfigurationPlatforms) = postSolution
		{F1B6A998-7AC2-4FA3-995D-F0A400F7970D}.Debug|Any CPU.ActiveCfg = Debug|Any CPU
		{F1B6A998-7AC2-4FA3-995D-F0A400F7970D}.Debug|Any CPU.Build.0 = Debug|Any CPU
		{F1B6A998-7AC2-4FA3-995D-F0A400F7970D}.Release|Any CPU.ActiveCfg = Release|Any CPU
		{F1B6A998-7AC2-4FA3-995D-F0A400F7970D}.Release|Any CPU.Build.0 = Release|Any CPU
	EndGlobalSection
	GlobalSection(SolutionProperties) = preSolution
		HideSolutionNode = FALSE
	EndGlobalSection
	GlobalSection(ExtensibilityGlobals) = postSolution
		SolutionGuid = {C9B0A108-F5D6-40E2-82E7-3DE33E5C7740}
	EndGlobalSection
EndGlobal
